# THIS IS AN AUTOGENERATED FILE. DO NOT EDIT THIS FILE DIRECTLY.
# yarn lockfile v1


"@types/webextension-polyfill@^0.8.0":
  version "0.8.0"
  resolved "https://registry.yarnpkg.com/@types/webextension-polyfill/-/webextension-polyfill-0.8.0.tgz#6c40740eec531de412f6ceba27bb2cad4a24907c"
  integrity sha512-usmQx2snpNkVl2VoOGZCdrPnfHL+CjuSFy84ZdTwQ2b2cvyygF/zGW5YI6Zywk+bfq9zmYpORO9lmdN7DknpRw==

webextension-polyfill@^0.8.0:
  version "0.8.0"
  resolved "https://registry.yarnpkg.com/webextension-polyfill/-/webextension-polyfill-0.8.0.tgz#f80e9f4b7f81820c420abd6ffbebfa838c60e041"
  integrity sha512-a19+DzlT6Kp9/UI+mF9XQopeZ+n2ussjhxHJ4/pmIGge9ijCDz7Gn93mNnjpZAk95T4Tae8iHZ6sSf869txqiQ==
